// !$*UTF8*$!
{
	archiveVersion = 1;
	classes = {
	};
	objectVersion = 48;
	objects = {

/* Begin PBXBuildFile section */
		D45259422006A10600A7DAE7 /* AppDelegate.swift in Sources */ = {isa = PBXBuildFile; fileRef = D45259412006A10600A7DAE7 /* AppDelegate.swift */; };
		D45259442006A10600A7DAE7 /* ViewController.swift in Sources */ = {isa = PBXBuildFile; fileRef = D45259432006A10600A7DAE7 /* ViewController.swift */; };
		D45259472006A10600A7DAE7 /* Main.storyboard in Resources */ = {isa = PBXBuildFile; fileRef = D45259452006A10600A7DAE7 /* Main.storyboard */; };
		D45259492006A10600A7DAE7 /* Assets.xcassets in Resources */ = {isa = PBXBuildFile; fileRef = D45259482006A10600A7DAE7 /* Assets.xcassets */; };
		D452594C2006A10600A7DAE7 /* LaunchScreen.storyboard in Resources */ = {isa = PBXBuildFile; fileRef = D452594A2006A10600A7DAE7 /* LaunchScreen.storyboard */; };
		D45259572006A10600A7DAE7 /* FlixTests.swift in Sources */ = {isa = PBXBuildFile; fileRef = D45259562006A10600A7DAE7 /* FlixTests.swift */; };
		D45259622006A10600A7DAE7 /* FlixUITests.swift in Sources */ = {isa = PBXBuildFile; fileRef = D45259612006A10600A7DAE7 /* FlixUITests.swift */; };
/* End PBXBuildFile section */

/* Begin PBXContainerItemProxy section */
		D45259532006A10600A7DAE7 /* PBXContainerItemProxy */ = {
			isa = PBXContainerItemProxy;
			containerPortal = D45259362006A10600A7DAE7 /* Project object */;
			proxyType = 1;
			remoteGlobalIDString = D452593D2006A10600A7DAE7;
			remoteInfo = Flix;
		};
		D452595E2006A10600A7DAE7 /* PBXContainerItemProxy */ = {
			isa = PBXContainerItemProxy;
			containerPortal = D45259362006A10600A7DAE7 /* Project object */;
			proxyType = 1;
			remoteGlobalIDString = D452593D2006A10600A7DAE7;
			remoteInfo = Flix;
		};
/* End PBXContainerItemProxy section */

/* Begin PBXFileReference section */
		D452593E2006A10600A7DAE7 /* Flix.app */ = {isa = PBXFileReference; explicitFileType = wrapper.application; includeInIndex = 0; path = Flix.app; sourceTree = BUILT_PRODUCTS_DIR; };
		D45259412006A10600A7DAE7 /* AppDelegate.swift */ = {isa = PBXFileReference; lastKnownFileType = sourcecode.swift; path = AppDelegate.swift; sourceTree = "<group>"; };
		D45259432006A10600A7DAE7 /* ViewController.swift */ = {isa = PBXFileReference; lastKnownFileType = sourcecode.swift; path = ViewController.swift; sourceTree = "<group>"; };
		D45259462006A10600A7DAE7 /* Base */ = {isa = PBXFileReference; lastKnownFileType = file.storyboard; name = Base; path = Base.lproj/Main.storyboard; sourceTree = "<group>"; };
		D45259482006A10600A7DAE7 /* Assets.xcassets */ = {isa = PBXFileReference; lastKnownFileType = folder.assetcatalog; path = Assets.xcassets; sourceTree = "<group>"; };
		D452594B2006A10600A7DAE7 /* Base */ = {isa = PBXFileReference; lastKnownFileType = file.storyboard; name = Base; path = Base.lproj/LaunchScreen.storyboard; sourceTree = "<group>"; };
		D452594D2006A10600A7DAE7 /* Info.plist */ = {isa = PBXFileReference; lastKnownFileType = text.plist.xml; path = Info.plist; sourceTree = "<group>"; };
		D45259522006A10600A7DAE7 /* FlixTests.xctest */ = {isa = PBXFileReference; explicitFileType = wrapper.cfbundle; includeInIndex = 0; path = FlixTests.xctest; sourceTree = BUILT_PRODUCTS_DIR; };
		D45259562006A10600A7DAE7 /* FlixTests.swift */ = {isa = PBXFileReference; lastKnownFileType = sourcecode.swift; path = FlixTests.swift; sourceTree = "<group>"; };
		D45259582006A10600A7DAE7 /* Info.plist */ = {isa = PBXFileReference; lastKnownFileType = text.plist.xml; path = Info.plist; sourceTree = "<group>"; };
		D452595D2006A10600A7DAE7 /* FlixUITests.xctest */ = {isa = PBXFileReference; explicitFileType = wrapper.cfbundle; includeInIndex = 0; path = FlixUITests.xctest; sourceTree = BUILT_PRODUCTS_DIR; };
		D45259612006A10600A7DAE7 /* FlixUITests.swift */ = {isa = PBXFileReference; lastKnownFileType = sourcecode.swift; path = FlixUITests.swift; sourceTree = "<group>"; };
		D45259632006A10700A7DAE7 /* Info.plist */ = {isa = PBXFileReference; lastKnownFileType = text.plist.xml; path = Info.plist; sourceTree = "<group>"; };
/* End PBXFileReference section */

/* Begin PBXFrameworksBuildPhase section */
		D452593B2006A10600A7DAE7 /* Frameworks */ = {
			isa = PBXFrameworksBuildPhase;
			buildActionMask = 2147483647;
			files = (
			);
			runOnlyForDeploymentPostprocessing = 0;
		};
		D452594F2006A10600A7DAE7 /* Frameworks */ = {
			isa = PBXFrameworksBuildPhase;
			buildActionMask = 2147483647;
			files = (
			);
			runOnlyForDeploymentPostprocessing = 0;
		};
		D452595A2006A10600A7DAE7 /* Frameworks */ = {
			isa = PBXFrameworksBuildPhase;
			buildActionMask = 2147483647;
			files = (
			);
			runOnlyForDeploymentPostprocessing = 0;
		};
/* End PBXFrameworksBuildPhase section */

/* Begin PBXGroup section */
		D45259352006A10600A7DAE7 = {
			isa = PBXGroup;
			children = (
				D45259402006A10600A7DAE7 /* Flix */,
				D45259552006A10600A7DAE7 /* FlixTests */,
				D45259602006A10600A7DAE7 /* FlixUITests */,
				D452593F2006A10600A7DAE7 /* Products */,
			);
			sourceTree = "<group>";
		};
		D452593F2006A10600A7DAE7 /* Products */ = {
			isa = PBXGroup;
			children = (
				D452593E2006A10600A7DAE7 /* Flix.app */,
				D45259522006A10600A7DAE7 /* FlixTests.xctest */,
				D452595D2006A10600A7DAE7 /* FlixUITests.xctest */,
			);
			name = Products;
			sourceTree = "<group>";
		};
		D45259402006A10600A7DAE7 /* Flix */ = {
			isa = PBXGroup;
			children = (
				D45259412006A10600A7DAE7 /* AppDelegate.swift */,
				D45259432006A10600A7DAE7 /* ViewController.swift */,
				D45259452006A10600A7DAE7 /* Main.storyboard */,
				D45259482006A10600A7DAE7 /* Assets.xcassets */,
				D452594A2006A10600A7DAE7 /* LaunchScreen.storyboard */,
				D452594D2006A10600A7DAE7 /* Info.plist */,
			);
			path = Flix;
			sourceTree = "<group>";
		};
		D45259552006A10600A7DAE7 /* FlixTests */ = {
			isa = PBXGroup;
			children = (
				D45259562006A10600A7DAE7 /* FlixTests.swift */,
				D45259582006A10600A7DAE7 /* Info.plist */,
			);
			path = FlixTests;
			sourceTree = "<group>";
		};
		D45259602006A10600A7DAE7 /* FlixUITests */ = {
			isa = PBXGroup;
			children = (
				D45259612006A10600A7DAE7 /* FlixUITests.swift */,
				D45259632006A10700A7DAE7 /* Info.plist */,
			);
			path = FlixUITests;
			sourceTree = "<group>";
		};
/* End PBXGroup section */

/* Begin PBXNativeTarget section */
		D452593D2006A10600A7DAE7 /* Flix */ = {
			isa = PBXNativeTarget;
			buildConfigurationList = D45259662006A10700A7DAE7 /* Build configuration list for PBXNativeTarget "Flix" */;
			buildPhases = (
				D452593A2006A10600A7DAE7 /* Sources */,
				D452593B2006A10600A7DAE7 /* Frameworks */,
				D452593C2006A10600A7DAE7 /* Resources */,
			);
			buildRules = (
			);
			dependencies = (
			);
			name = Flix;
			productName = Flix;
			productReference = D452593E2006A10600A7DAE7 /* Flix.app */;
			productType = "com.apple.product-type.application";
		};
		D45259512006A10600A7DAE7 /* FlixTests */ = {
			isa = PBXNativeTarget;
			buildConfigurationList = D45259692006A10700A7DAE7 /* Build configuration list for PBXNativeTarget "FlixTests" */;
			buildPhases = (
				D452594E2006A10600A7DAE7 /* Sources */,
				D452594F2006A10600A7DAE7 /* Frameworks */,
				D45259502006A10600A7DAE7 /* Resources */,
			);
			buildRules = (
			);
			dependencies = (
				D45259542006A10600A7DAE7 /* PBXTargetDependency */,
			);
			name = FlixTests;
			productName = FlixTests;
			productReference = D45259522006A10600A7DAE7 /* FlixTests.xctest */;
			productType = "com.apple.product-type.bundle.unit-test";
		};
		D452595C2006A10600A7DAE7 /* FlixUITests */ = {
			isa = PBXNativeTarget;
			buildConfigurationList = D452596C2006A10700A7DAE7 /* Build configuration list for PBXNativeTarget "FlixUITests" */;
			buildPhases = (
				D45259592006A10600A7DAE7 /* Sources */,
				D452595A2006A10600A7DAE7 /* Frameworks */,
				D452595B2006A10600A7DAE7 /* Resources */,
			);
			buildRules = (
			);
			dependencies = (
				D452595F2006A10600A7DAE7 /* PBXTargetDependency */,
			);
			name = FlixUITests;
			productName = FlixUITests;
			productReference = D452595D2006A10600A7DAE7 /* FlixUITests.xctest */;
			productType = "com.apple.product-type.bundle.ui-testing";
		};
/* End PBXNativeTarget section */

/* Begin PBXProject section */
		D45259362006A10600A7DAE7 /* Project object */ = {
			isa = PBXProject;
			attributes = {
				LastSwiftUpdateCheck = 0920;
				LastUpgradeCheck = 0920;
				ORGANIZATIONNAME = "Dhriti Chawla";
				TargetAttributes = {
					D452593D2006A10600A7DAE7 = {
						CreatedOnToolsVersion = 9.2;
						ProvisioningStyle = Automatic;
					};
					D45259512006A10600A7DAE7 = {
						CreatedOnToolsVersion = 9.2;
						ProvisioningStyle = Automatic;
						TestTargetID = D452593D2006A10600A7DAE7;
					};
					D452595C2006A10600A7DAE7 = {
						CreatedOnToolsVersion = 9.2;
						ProvisioningStyle = Automatic;
						TestTargetID = D452593D2006A10600A7DAE7;
					};
				};
			};
			buildConfigurationList = D45259392006A10600A7DAE7 /* Build configuration list for PBXProject "Flix" */;
			compatibilityVersion = "Xcode 8.0";
			developmentRegion = en;
			hasScannedForEncodings = 0;
			knownRegions = (
				en,
				Base,
			);
			mainGroup = D45259352006A10600A7DAE7;
			productRefGroup = D452593F2006A10600A7DAE7 /* Products */;
			projectDirPath = "";
			projectRoot = "";
			targets = (
				D452593D2006A10600A7DAE7 /* Flix */,
				D45259512006A10600A7DAE7 /* FlixTests */,
				D452595C2006A10600A7DAE7 /* FlixUITests */,
			);
		};
/* End PBXProject section */

/* Begin PBXResourcesBuildPhase section */
		D452593C2006A10600A7DAE7 /* Resources */ = {
			isa = PBXResourcesBuildPhase;
			buildActionMask = 2147483647;
			files = (
				D452594C2006A10600A7DAE7 /* LaunchScreen.storyboard in Resources */,
				D45259492006A10600A7DAE7 /* Assets.xcassets in Resources */,
				D45259472006A10600A7DAE7 /* Main.storyboard in Resources */,
			);
			runOnlyForDeploymentPostprocessing = 0;
		};
		D45259502006A10600A7DAE7 /* Resources */ = {
			isa = PBXResourcesBuildPhase;
			buildActionMask = 2147483647;
			files = (
			);
			runOnlyForDeploymentPostprocessing = 0;
		};
		D452595B2006A10600A7DAE7 /* Resources */ = {
			isa = PBXResourcesBuildPhase;
			buildActionMask = 2147483647;
			files = (
			);
			runOnlyForDeploymentPostprocessing = 0;
		};
/* End PBXResourcesBuildPhase section */

/* Begin PBXSourcesBuildPhase section */
		D452593A2006A10600A7DAE7 /* Sources */ = {
			isa = PBXSourcesBuildPhase;
			buildActionMask = 2147483647;
			files = (
				D45259442006A10600A7DAE7 /* ViewController.swift in Sources */,
				D45259422006A10600A7DAE7 /* AppDelegate.swift in Sources */,
			);
			runOnlyForDeploymentPostprocessing = 0;
		};
		D452594E2006A10600A7DAE7 /* Sources */ = {
			isa = PBXSourcesBuildPhase;
			buildActionMask = 2147483647;
			files = (
				D45259572006A10600A7DAE7 /* FlixTests.swift in Sources */,
			);
			runOnlyForDeploymentPostprocessing = 0;
		};
		D45259592006A10600A7DAE7 /* Sources */ = {
			isa = PBXSourcesBuildPhase;
			buildActionMask = 2147483647;
			files = (
				D45259622006A10600A7DAE7 /* FlixUITests.swift in Sources */,
			);
			runOnlyForDeploymentPostprocessing = 0;
		};
/* End PBXSourcesBuildPhase section */

/* Begin PBXTargetDependency section */
		D45259542006A10600A7DAE7 /* PBXTargetDependency */ = {
			isa = PBXTargetDependency;
			target = D452593D2006A10600A7DAE7 /* Flix */;
			targetProxy = D45259532006A10600A7DAE7 /* PBXContainerItemProxy */;
		};
		D452595F2006A10600A7DAE7 /* PBXTargetDependency */ = {
			isa = PBXTargetDependency;
			target = D452593D2006A10600A7DAE7 /* Flix */;
			targetProxy = D452595E2006A10600A7DAE7 /* PBXContainerItemProxy */;
		};
/* End PBXTargetDependency section */

/* Begin PBXVariantGroup section */
		D45259452006A10600A7DAE7 /* Main.storyboard */ = {
			isa = PBXVariantGroup;
			children = (
				D45259462006A10600A7DAE7 /* Base */,
			);
			name = Main.storyboard;
			sourceTree = "<group>";
		};
		D452594A2006A10600A7DAE7 /* LaunchScreen.storyboard */ = {
			isa = PBXVariantGroup;
			children = (
				D452594B2006A10600A7DAE7 /* Base */,
			);
			name = LaunchScreen.storyboard;
			sourceTree = "<group>";
		};
/* End PBXVariantGroup section */

/* Begin XCBuildConfiguration section */
		D45259642006A10700A7DAE7 /* Debug */ = {
			isa = XCBuildConfiguration;
			buildSettings = {
				ALWAYS_SEARCH_USER_PATHS = NO;
				CLANG_ANALYZER_NONNULL = YES;
				CLANG_ANALYZER_NUMBER_OBJECT_CONVERSION = YES_AGGRESSIVE;
				CLANG_CXX_LANGUAGE_STANDARD = "gnu++14";
				CLANG_CXX_LIBRARY = "libc++";
				CLANG_ENABLE_MODULES = YES;
				CLANG_ENABLE_OBJC_ARC = YES;
				CLANG_WARN_BLOCK_CAPTURE_AUTORELEASING = YES;
				CLANG_WARN_BOOL_CONVERSION = YES;
				CLANG_WARN_COMMA = YES;
				CLANG_WARN_CONSTANT_CONVERSION = YES;
				CLANG_WARN_DIRECT_OBJC_ISA_USAGE = YES_ERROR;
				CLANG_WARN_DOCUMENTATION_COMMENTS = YES;
				CLANG_WARN_EMPTY_BODY = YES;
				CLANG_WARN_ENUM_CONVERSION = YES;
				CLANG_WARN_INFINITE_RECURSION = YES;
				CLANG_WARN_INT_CONVERSION = YES;
				CLANG_WARN_NON_LITERAL_NULL_CONVERSION = YES;
				CLANG_WARN_OBJC_LITERAL_CONVERSION = YES;
				CLANG_WARN_OBJC_ROOT_CLASS = YES_ERROR;
				CLANG_WARN_RANGE_LOOP_ANALYSIS = YES;
				CLANG_WARN_STRICT_PROTOTYPES = YES;
				CLANG_WARN_SUSPICIOUS_MOVE = YES;
				CLANG_WARN_UNGUARDED_AVAILABILITY = YES_AGGRESSIVE;
				CLANG_WARN_UNREACHABLE_CODE = YES;
				CLANG_WARN__DUPLICATE_METHOD_MATCH = YES;
				CODE_SIGN_IDENTITY = "iPhone Developer";
				COPY_PHASE_STRIP = NO;
				DEBUG_INFORMATION_FORMAT = dwarf;
				ENABLE_STRICT_OBJC_MSGSEND = YES;
				ENABLE_TESTABILITY = YES;
				GCC_C_LANGUAGE_STANDARD = gnu11;
				GCC_DYNAMIC_NO_PIC = NO;
				GCC_NO_COMMON_BLOCKS = YES;
				GCC_OPTIMIZATION_LEVEL = 0;
				GCC_PREPROCESSOR_DEFINITIONS = (
					"DEBUG=1",
					"$(inherited)",
				);
				GCC_WARN_64_TO_32_BIT_CONVERSION = YES;
				GCC_WARN_ABOUT_RETURN_TYPE = YES_ERROR;
				GCC_WARN_UNDECLARED_SELECTOR = YES;
				GCC_WARN_UNINITIALIZED_AUTOS = YES_AGGRESSIVE;
				GCC_WARN_UNUSED_FUNCTION = YES;
				GCC_WARN_UNUSED_VARIABLE = YES;
				IPHONEOS_DEPLOYMENT_TARGET = 11.2;
				MTL_ENABLE_DEBUG_INFO = YES;
				ONLY_ACTIVE_ARCH = YES;
				SDKROOT = iphoneos;
				SWIFT_ACTIVE_COMPILATION_CONDITIONS = DEBUG;
				SWIFT_OPTIMIZATION_LEVEL = "-Onone";
			};
			name = Debug;
		};
		D45259652006A10700A7DAE7 /* Release */ = {
			isa = XCBuildConfiguration;
			buildSettings = {
				ALWAYS_SEARCH_USER_PATHS = NO;
				CLANG_ANALYZER_NONNULL = YES;
				CLANG_ANALYZER_NUMBER_OBJECT_CONVERSION = YES_AGGRESSIVE;
				CLANG_CXX_LANGUAGE_STANDARD = "gnu++14";
				CLANG_CXX_LIBRARY = "libc++";
				CLANG_ENABLE_MODULES = YES;
				CLANG_ENABLE_OBJC_ARC = YES;
				CLANG_WARN_BLOCK_CAPTURE_AUTORELEASING = YES;
				CLANG_WARN_BOOL_CONVERSION = YES;
				CLANG_WARN_COMMA = YES;
				CLANG_WARN_CONSTANT_CONVERSION = YES;
				CLANG_WARN_DIRECT_OBJC_ISA_USAGE = YES_ERROR;
				CLANG_WARN_DOCUMENTATION_COMMENTS = YES;
				CLANG_WARN_EMPTY_BODY = YES;
				CLANG_WARN_ENUM_CONVERSION = YES;
				CLANG_WARN_INFINITE_RECURSION = YES;
				CLANG_WARN_INT_CONVERSION = YES;
				CLANG_WARN_NON_LITERAL_NULL_CONVERSION = YES;
				CLANG_WARN_OBJC_LITERAL_CONVERSION = YES;
				CLANG_WARN_OBJC_ROOT_CLASS = YES_ERROR;
				CLANG_WARN_RANGE_LOOP_ANALYSIS = YES;
				CLANG_WARN_STRICT_PROTOTYPES = YES;
				CLANG_WARN_SUSPICIOUS_MOVE = YES;
				CLANG_WARN_UNGUARDED_AVAILABILITY = YES_AGGRESSIVE;
				CLANG_WARN_UNREACHABLE_CODE = YES;
				CLANG_WARN__DUPLICATE_METHOD_MATCH = YES;
				CODE_SIGN_IDENTITY = "iPhone Developer";
				COPY_PHASE_STRIP = NO;
				DEBUG_INFORMATION_FORMAT = "dwarf-with-dsym";
				ENABLE_NS_ASSERTIONS = NO;
				ENABLE_STRICT_OBJC_MSGSEND = YES;
				GCC_C_LANGUAGE_STANDARD = gnu11;
				GCC_NO_COMMON_BLOCKS = YES;
				GCC_WARN_64_TO_32_BIT_CONVERSION = YES;
				GCC_WARN_ABOUT_RETURN_TYPE = YES_ERROR;
				GCC_WARN_UNDECLARED_SELECTOR = YES;
				GCC_WARN_UNINITIALIZED_AUTOS = YES_AGGRESSIVE;
				GCC_WARN_UNUSED_FUNCTION = YES;
				GCC_WARN_UNUSED_VARIABLE = YES;
				IPHONEOS_DEPLOYMENT_TARGET = 11.2;
				MTL_ENABLE_DEBUG_INFO = NO;
				SDKROOT = iphoneos;
				SWIFT_OPTIMIZATION_LEVEL = "-Owholemodule";
				VALIDATE_PRODUCT = YES;
			};
			name = Release;
		};
		D45259672006A10700A7DAE7 /* Debug */ = {
			isa = XCBuildConfiguration;
			buildSettings = {
				ASSETCATALOG_COMPILER_APPICON_NAME = AppIcon;
				CODE_SIGN_STYLE = Automatic;
				INFOPLIST_FILE = Flix/Info.plist;
				LD_RUNPATH_SEARCH_PATHS = "$(inherited) @executable_path/Frameworks";
				PRODUCT_BUNDLE_IDENTIFIER = com.dhriti.Flix;
				PRODUCT_NAME = "$(TARGET_NAME)";
				SWIFT_VERSION = 4.0;
				TARGETED_DEVICE_FAMILY = "1,2";
			};
			name = Debug;
		};
		D45259682006A10700A7DAE7 /* Release */ = {
			isa = XCBuildConfiguration;
			buildSettings = {
				ASSETCATALOG_COMPILER_APPICON_NAME = AppIcon;
				CODE_SIGN_STYLE = Automatic;
				INFOPLIST_FILE = Flix/Info.plist;
				LD_RUNPATH_SEARCH_PATHS = "$(inherited) @executable_path/Frameworks";
				PRODUCT_BUNDLE_IDENTIFIER = com.dhriti.Flix;
				PRODUCT_NAME = "$(TARGET_NAME)";
				SWIFT_VERSION = 4.0;
				TARGETED_DEVICE_FAMILY = "1,2";
			};
			name = Release;
		};
		D452596A2006A10700A7DAE7 /* Debug */ = {
			isa = XCBuildConfiguration;
			buildSettings = {
				ALWAYS_EMBED_SWIFT_STANDARD_LIBRARIES = YES;
				BUNDLE_LOADER = "$(TEST_HOST)";
				CODE_SIGN_STYLE = Automatic;
				INFOPLIST_FILE = FlixTests/Info.plist;
				LD_RUNPATH_SEARCH_PATHS = "$(inherited) @executable_path/Frameworks @loader_path/Frameworks";
				PRODUCT_BUNDLE_IDENTIFIER = com.dhriti.FlixTests;
				PRODUCT_NAME = "$(TARGET_NAME)";
				SWIFT_VERSION = 4.0;
				TARGETED_DEVICE_FAMILY = "1,2";
				TEST_HOST = "$(BUILT_PRODUCTS_DIR)/Flix.app/Flix";
			};
			name = Debug;
		};
		D452596B2006A10700A7DAE7 /* Release */ = {
			isa = XCBuildConfiguration;
			buildSettings = {
				ALWAYS_EMBED_SWIFT_STANDARD_LIBRARIES = YES;
				BUNDLE_LOADER = "$(TEST_HOST)";
				CODE_SIGN_STYLE = Automatic;
				INFOPLIST_FILE = FlixTests/Info.plist;
				LD_RUNPATH_SEARCH_PATHS = "$(inherited) @executable_path/Frameworks @loader_path/Frameworks";
				PRODUCT_BUNDLE_IDENTIFIER = com.dhriti.FlixTests;
				PRODUCT_NAME = "$(TARGET_NAME)";
				SWIFT_VERSION = 4.0;
				TARGETED_DEVICE_FAMILY = "1,2";
				TEST_HOST = "$(BUILT_PRODUCTS_DIR)/Flix.app/Flix";
			};
			name = Release;
		};
		D452596D2006A10700A7DAE7 /* Debug */ = {
			isa = XCBuildConfiguration;
			buildSettings = {
				ALWAYS_EMBED_SWIFT_STANDARD_LIBRARIES = YES;
				CODE_SIGN_STYLE = Automatic;
				INFOPLIST_FILE = FlixUITests/Info.plist;
				LD_RUNPATH_SEARCH_PATHS = "$(inherited) @executable_path/Frameworks @loader_path/Frameworks";
				PRODUCT_BUNDLE_IDENTIFIER = com.dhriti.FlixUITests;
				PRODUCT_NAME = "$(TARGET_NAME)";
				SWIFT_VERSION = 4.0;
				TARGETED_DEVICE_FAMILY = "1,2";
				TEST_TARGET_NAME = Flix;
			};
			name = Debug;
		};
		D452596E2006A10700A7DAE7 /* Release */ = {
			isa = XCBuildConfiguration;
			buildSettings = {
				ALWAYS_EMBED_SWIFT_STANDARD_LIBRARIES = YES;
				CODE_SIGN_STYLE = Automatic;
				INFOPLIST_FILE = FlixUITests/Info.plist;
				LD_RUNPATH_SEARCH_PATHS = "$(inherited) @executable_path/Frameworks @loader_path/Frameworks";
				PRODUCT_BUNDLE_IDENTIFIER = com.dhriti.FlixUITests;
				PRODUCT_NAME = "$(TARGET_NAME)";
				SWIFT_VERSION = 4.0;
				TARGETED_DEVICE_FAMILY = "1,2";
				TEST_TARGET_NAME = Flix;
			};
			name = Release;
		};
/* End XCBuildConfiguration section */

/* Begin XCConfigurationList section */
		D45259392006A10600A7DAE7 /* Build configuration list for PBXProject "Flix" */ = {
			isa = XCConfigurationList;
			buildConfigurations = (
				D45259642006A10700A7DAE7 /* Debug */,
				D45259652006A10700A7DAE7 /* Release */,
			);
			defaultConfigurationIsVisible = 0;
			defaultConfigurationName = Release;
		};
		D45259662006A10700A7DAE7 /* Build configuration list for PBXNativeTarget "Flix" */ = {
			isa = XCConfigurationList;
			buildConfigurations = (
				D45259672006A10700A7DAE7 /* Debug */,
				D45259682006A10700A7DAE7 /* Release */,
			);
			defaultConfigurationIsVisible = 0;
			defaultConfigurationName = Release;
		};
		D45259692006A10700A7DAE7 /* Build configuration list for PBXNativeTarget "FlixTests" */ = {
			isa = XCConfigurationList;
			buildConfigurations = (
				D452596A2006A10700A7DAE7 /* Debug */,
				D452596B2006A10700A7DAE7 /* Release */,
			);
			defaultConfigurationIsVisible = 0;
			defaultConfigurationName = Release;
		};
		D452596C2006A10700A7DAE7 /* Build configuration list for PBXNativeTarget "FlixUITests" */ = {
			isa = XCConfigurationList;
			buildConfigurations = (
				D452596D2006A10700A7DAE7 /* Debug */,
				D452596E2006A10700A7DAE7 /* Release */,
			);
			defaultConfigurationIsVisible = 0;
			defaultConfigurationName = Release;
		};
/* End XCConfigurationList section */
	};
	rootObject = D45259362006A10600A7DAE7 /* Project object */;
}
